
Microsoft Visual Studio Solution File, Format Version 12.00
# Visual Studio Version 16
VisualStudioVersion = 16.0.29709.97
MinimumVisualStudioVersion = 10.0.40219.1
Project("{FAE04EC0-301F-11D3-BF4B-00C04F79EFBC}") = "ToDoApp", "ToDoApp\ToDoApp.csproj", "{D936D578-50AE-476C-ABCD-A8FA53E64279}"
EndProject
Global
	GlobalSection(SolutionConfigurationPlatforms) = preSolution
		Debug|Any CPU = Debug|Any CPU
		Release|Any CPU = Release|Any CPU
	EndGlobalSection
	GlobalSection(ProjectConfigurationPlatforms) = postSolution
		{D936D578-50AE-476C-ABCD-A8FA53E64279}.Debug|Any CPU.ActiveCfg = Debug|Any CPU
		{D936D578-50AE-476C-ABCD-A8FA53E64279}.Debug|Any CPU.Build.0 = Debug|Any CPU
		{D936D578-50AE-476C-ABCD-A8FA53E64279}.Release|Any CPU.ActiveCfg = Release|Any CPU
		{D936D578-50AE-476C-ABCD-A8FA53E64279}.Release|Any CPU.Build.0 = Release|Any CPU
	EndGlobalSection
	GlobalSection(SolutionProperties) = preSolution
		HideSolutionNode = FALSE
	EndGlobalSection
	GlobalSection(ExtensibilityGlobals) = postSolution
		SolutionGuid = {5AECA5B5-BC65-4A33-91BB-0161978E7596}
	EndGlobalSection
EndGlobal
